
Microsoft Visual Studio Solution File, Format Version 12.00
# Visual Studio Version 17
VisualStudioVersion = 17.1.32319.34
MinimumVisualStudioVersion = 10.0.40219.1
Project("{FAE04EC0-301F-11D3-BF4B-00C04F79EFBC}") = "MyTestProject", "MyTestProject\MyTestProject.csproj", "{103B4A30-C4F1-4C27-A7A5-82F4D92EC983}"
EndProject
Project("{9A19103F-16F7-4668-BE54-9A1E7A4F7556}") = "Loans", "..\..\..\Downloads\02\demos\before\01TestProject\Loans\Loans.csproj", "{5F9C5949-479A-41D9-81F2-B1B54E39A3FE}"
EndProject
Project("{FAE04EC0-301F-11D3-BF4B-00C04F79EFBC}") = "Loans.Tests", "Loans.Tests\Loans.Tests.csproj", "{49DAFF2D-8DA7-4699-B746-43052823A1BE}"
EndProject
Global
	GlobalSection(SolutionConfigurationPlatforms) = preSolution
		Debug|Any CPU = Debug|Any CPU
		Release|Any CPU = Release|Any CPU
	EndGlobalSection
	GlobalSection(ProjectConfigurationPlatforms) = postSolution
		{103B4A30-C4F1-4C27-A7A5-82F4D92EC983}.Debug|Any CPU.ActiveCfg = Debug|Any CPU
		{103B4A30-C4F1-4C27-A7A5-82F4D92EC983}.Debug|Any CPU.Build.0 = Debug|Any CPU
		{103B4A30-C4F1-4C27-A7A5-82F4D92EC983}.Release|Any CPU.ActiveCfg = Release|Any CPU
		{103B4A30-C4F1-4C27-A7A5-82F4D92EC983}.Release|Any CPU.Build.0 = Release|Any CPU
		{5F9C5949-479A-41D9-81F2-B1B54E39A3FE}.Debug|Any CPU.ActiveCfg = Debug|Any CPU
		{5F9C5949-479A-41D9-81F2-B1B54E39A3FE}.Debug|Any CPU.Build.0 = Debug|Any CPU
		{5F9C5949-479A-41D9-81F2-B1B54E39A3FE}.Release|Any CPU.ActiveCfg = Release|Any CPU
		{5F9C5949-479A-41D9-81F2-B1B54E39A3FE}.Release|Any CPU.Build.0 = Release|Any CPU
		{49DAFF2D-8DA7-4699-B746-43052823A1BE}.Debug|Any CPU.ActiveCfg = Debug|Any CPU
		{49DAFF2D-8DA7-4699-B746-43052823A1BE}.Debug|Any CPU.Build.0 = Debug|Any CPU
		{49DAFF2D-8DA7-4699-B746-43052823A1BE}.Release|Any CPU.ActiveCfg = Release|Any CPU
		{49DAFF2D-8DA7-4699-B746-43052823A1BE}.Release|Any CPU.Build.0 = Release|Any CPU
	EndGlobalSection
	GlobalSection(SolutionProperties) = preSolution
		HideSolutionNode = FALSE
	EndGlobalSection
	GlobalSection(ExtensibilityGlobals) = postSolution
		SolutionGuid = {CFD37638-123A-425C-9968-D03CB821B074}
	EndGlobalSection
EndGlobal
